
Microsoft Visual Studio Solution File, Format Version 12.00
# Visual Studio Version 17
Project("{8BC9CEB8-8B4A-11D0-8D11-00A0C91BC942}") = "Testbed", "Testbed\Testbed.vcxproj", "{70E0D639-DCBF-55D5-E5D7-E0AB5136BC36}"
	ProjectSection(ProjectDependencies) = postProject
		{7CCE658F-689B-C09A-91B4-AE427DE0F528} = {7CCE658F-689B-C09A-91B4-AE427DE0F528}
	EndProjectSection
EndProject
Project("{8BC9CEB8-8B4A-11D0-8D11-00A0C91BC942}") = "Editor", "Editor\Editor.vcxproj", "{8C1A20B0-78BC-4A86-6177-5EDA4DB8D1D6}"
	ProjectSection(ProjectDependencies) = postProject
		{7CCE658F-689B-C09A-91B4-AE427DE0F528} = {7CCE658F-689B-C09A-91B4-AE427DE0F528}
	EndProjectSection
EndProject
Project("{8BC9CEB8-8B4A-11D0-8D11-00A0C91BC942}") = "Renderer", "Renderer\Renderer.vcxproj", "{7CCE658F-689B-C09A-91B4-AE427DE0F528}"
EndProject
Global
	GlobalSection(SolutionConfigurationPlatforms) = preSolution
		DEBUG|x64 = DEBUG|x64
		DIST|x64 = DIST|x64
		RELEASE|x64 = RELEASE|x64
	EndGlobalSection
	GlobalSection(ProjectConfigurationPlatforms) = postSolution
		{70E0D639-DCBF-55D5-E5D7-E0AB5136BC36}.DEBUG|x64.ActiveCfg = DEBUG|x64
		{70E0D639-DCBF-55D5-E5D7-E0AB5136BC36}.DEBUG|x64.Build.0 = DEBUG|x64
		{70E0D639-DCBF-55D5-E5D7-E0AB5136BC36}.DIST|x64.ActiveCfg = DIST|x64
		{70E0D639-DCBF-55D5-E5D7-E0AB5136BC36}.DIST|x64.Build.0 = DIST|x64
		{70E0D639-DCBF-55D5-E5D7-E0AB5136BC36}.RELEASE|x64.ActiveCfg = RELEASE|x64
		{70E0D639-DCBF-55D5-E5D7-E0AB5136BC36}.RELEASE|x64.Build.0 = RELEASE|x64
		{8C1A20B0-78BC-4A86-6177-5EDA4DB8D1D6}.DEBUG|x64.ActiveCfg = DEBUG|x64
		{8C1A20B0-78BC-4A86-6177-5EDA4DB8D1D6}.DEBUG|x64.Build.0 = DEBUG|x64
		{8C1A20B0-78BC-4A86-6177-5EDA4DB8D1D6}.DIST|x64.ActiveCfg = DIST|x64
		{8C1A20B0-78BC-4A86-6177-5EDA4DB8D1D6}.DIST|x64.Build.0 = DIST|x64
		{8C1A20B0-78BC-4A86-6177-5EDA4DB8D1D6}.RELEASE|x64.ActiveCfg = RELEASE|x64
		{8C1A20B0-78BC-4A86-6177-5EDA4DB8D1D6}.RELEASE|x64.Build.0 = RELEASE|x64
		{7CCE658F-689B-C09A-91B4-AE427DE0F528}.DEBUG|x64.ActiveCfg = DEBUG|x64
		{7CCE658F-689B-C09A-91B4-AE427DE0F528}.DEBUG|x64.Build.0 = DEBUG|x64
		{7CCE658F-689B-C09A-91B4-AE427DE0F528}.DIST|x64.ActiveCfg = DIST|x64
		{7CCE658F-689B-C09A-91B4-AE427DE0F528}.DIST|x64.Build.0 = DIST|x64
		{7CCE658F-689B-C09A-91B4-AE427DE0F528}.RELEASE|x64.ActiveCfg = RELEASE|x64
		{7CCE658F-689B-C09A-91B4-AE427DE0F528}.RELEASE|x64.Build.0 = RELEASE|x64
	EndGlobalSection
	GlobalSection(SolutionProperties) = preSolution
		HideSolutionNode = FALSE
	EndGlobalSection
EndGlobal
